
Microsoft Visual Studio Solution File, Format Version 12.00
# Visual Studio Version 16
VisualStudioVersion = 16.0.31019.35
MinimumVisualStudioVersion = 10.0.40219.1
Project("{FAE04EC0-301F-11D3-BF4B-00C04F79EFBC}") = "BaseBallGame_Winform", "BaseBallGame_Winform\BaseBallGame_Winform.csproj", "{67512347-BE17-48F6-858A-C42E4B36AB05}"
EndProject
Project("{FAE04EC0-301F-11D3-BF4B-00C04F79EFBC}") = "NUnitTestProject_BaseBallGame_Winform", "NUnitTestProject_BaseBallGame_Winform\NUnitTestProject_BaseBallGame_Winform.csproj", "{350081A4-7B41-40A4-87DF-0B67F041756E}"
EndProject
Global
	GlobalSection(SolutionConfigurationPlatforms) = preSolution
		Debug|Any CPU = Debug|Any CPU
		Release|Any CPU = Release|Any CPU
	EndGlobalSection
	GlobalSection(ProjectConfigurationPlatforms) = postSolution
		{67512347-BE17-48F6-858A-C42E4B36AB05}.Debug|Any CPU.ActiveCfg = Debug|Any CPU
		{67512347-BE17-48F6-858A-C42E4B36AB05}.Debug|Any CPU.Build.0 = Debug|Any CPU
		{67512347-BE17-48F6-858A-C42E4B36AB05}.Release|Any CPU.ActiveCfg = Release|Any CPU
		{67512347-BE17-48F6-858A-C42E4B36AB05}.Release|Any CPU.Build.0 = Release|Any CPU
		{350081A4-7B41-40A4-87DF-0B67F041756E}.Debug|Any CPU.ActiveCfg = Debug|Any CPU
		{350081A4-7B41-40A4-87DF-0B67F041756E}.Debug|Any CPU.Build.0 = Debug|Any CPU
		{350081A4-7B41-40A4-87DF-0B67F041756E}.Release|Any CPU.ActiveCfg = Release|Any CPU
		{350081A4-7B41-40A4-87DF-0B67F041756E}.Release|Any CPU.Build.0 = Release|Any CPU
	EndGlobalSection
	GlobalSection(SolutionProperties) = preSolution
		HideSolutionNode = FALSE
	EndGlobalSection
	GlobalSection(ExtensibilityGlobals) = postSolution
		SolutionGuid = {B8BBE9E5-9511-43B5-A70E-2E976A89C773}
	EndGlobalSection
EndGlobal
